
Microsoft Visual Studio Solution File, Format Version 12.00
# Visual Studio Version 17
VisualStudioVersion = 17.10.34916.146
MinimumVisualStudioVersion = 10.0.40219.1
Project("{FAE04EC0-301F-11D3-BF4B-00C04F79EFBC}") = "Lexi.Speach.Api", "Lexi.Speach.Api\Lexi.Speach.Api.csproj", "{373A0627-2ADE-40F5-935C-5ABCA1C2A6CA}"
EndProject
Global
	GlobalSection(SolutionConfigurationPlatforms) = preSolution
		Debug|Any CPU = Debug|Any CPU
		Release|Any CPU = Release|Any CPU
	EndGlobalSection
	GlobalSection(ProjectConfigurationPlatforms) = postSolution
		{373A0627-2ADE-40F5-935C-5ABCA1C2A6CA}.Debug|Any CPU.ActiveCfg = Debug|Any CPU
		{373A0627-2ADE-40F5-935C-5ABCA1C2A6CA}.Debug|Any CPU.Build.0 = Debug|Any CPU
		{373A0627-2ADE-40F5-935C-5ABCA1C2A6CA}.Release|Any CPU.ActiveCfg = Release|Any CPU
		{373A0627-2ADE-40F5-935C-5ABCA1C2A6CA}.Release|Any CPU.Build.0 = Release|Any CPU
	EndGlobalSection
	GlobalSection(SolutionProperties) = preSolution
		HideSolutionNode = FALSE
	EndGlobalSection
	GlobalSection(ExtensibilityGlobals) = postSolution
		SolutionGuid = {48DFFC20-2717-4BCF-828C-E3001B21C141}
	EndGlobalSection
EndGlobal
